
Microsoft Visual Studio Solution File, Format Version 12.00
# Visual Studio Version 16
VisualStudioVersion = 16.0.28729.10
MinimumVisualStudioVersion = 10.0.40219.1
Project("{FAE04EC0-301F-11D3-BF4B-00C04F79EFBC}") = "Microsoft.Data.Services.Client", "Microsoft.Data.Services.Client\Microsoft.Data.Services.Client.csproj", "{A71E9CAE-40CD-4448-90E9-8AF046A14870}"
EndProject
Global
	GlobalSection(SolutionConfigurationPlatforms) = preSolution
		Debug|Any CPU = Debug|Any CPU
		Release|Any CPU = Release|Any CPU
	EndGlobalSection
	GlobalSection(ProjectConfigurationPlatforms) = postSolution
		{A71E9CAE-40CD-4448-90E9-8AF046A14870}.Debug|Any CPU.ActiveCfg = Debug|Any CPU
		{A71E9CAE-40CD-4448-90E9-8AF046A14870}.Debug|Any CPU.Build.0 = Debug|Any CPU
		{A71E9CAE-40CD-4448-90E9-8AF046A14870}.Release|Any CPU.ActiveCfg = Release|Any CPU
		{A71E9CAE-40CD-4448-90E9-8AF046A14870}.Release|Any CPU.Build.0 = Release|Any CPU
	EndGlobalSection
	GlobalSection(SolutionProperties) = preSolution
		HideSolutionNode = FALSE
	EndGlobalSection
EndGlobal
