
Microsoft Visual Studio Solution File, Format Version 12.00
# Visual Studio Version 16
VisualStudioVersion = 16.0.28729.10
MinimumVisualStudioVersion = 10.0.40219.1
Project("{FAE04EC0-301F-11D3-BF4B-00C04F79EFBC}") = "Microsoft.WindowsDeviceRecoveryTool.VAIOAdaptation", "Microsoft.WindowsDeviceRecoveryTool.VAIOAdaptation\Microsoft.WindowsDeviceRecoveryTool.VAIOAdaptation.csproj", "{BC7A8656-975D-4415-850F-1EC857BF68BB}"
EndProject
Global
	GlobalSection(SolutionConfigurationPlatforms) = preSolution
		Debug|Any CPU = Debug|Any CPU
		Release|Any CPU = Release|Any CPU
	EndGlobalSection
	GlobalSection(ProjectConfigurationPlatforms) = postSolution
		{BC7A8656-975D-4415-850F-1EC857BF68BB}.Debug|Any CPU.ActiveCfg = Debug|Any CPU
		{BC7A8656-975D-4415-850F-1EC857BF68BB}.Debug|Any CPU.Build.0 = Debug|Any CPU
		{BC7A8656-975D-4415-850F-1EC857BF68BB}.Release|Any CPU.ActiveCfg = Release|Any CPU
		{BC7A8656-975D-4415-850F-1EC857BF68BB}.Release|Any CPU.Build.0 = Release|Any CPU
	EndGlobalSection
	GlobalSection(SolutionProperties) = preSolution
		HideSolutionNode = FALSE
	EndGlobalSection
EndGlobal
